{
  "name": "basicnodeblog",
  "version": "0.0.1",
  "lockfileVersion": 1,
  "requires": true,
  "dependencies": {
    "@types/tapable": {
      "version": "1.0.2",
      "resolved": "https://registry.npmjs.org/@types/tapable/-/tapable-1.0.2.tgz",
      "integrity": "sha512-42zEJkBpNfMEAvWR5WlwtTH22oDzcMjFsL9gDGExwF8X8WvAiw7Vwop7hPw03QT8TKfec83LwbHj6SvpqM4ELQ==",
      "dev": true
    },
    "@types/uglify-js": {
      "version": "3.0.2",
      "resolved": "https://registry.npmjs.org/@types/uglify-js/-/uglify-js-3.0.2.tgz",
      "integrity": "sha512-o8hU2+4xsyGC27Vujoklvxl88Ew5zmJuTBYMX1Uro2rYUt4HEFJKL6fuq8aGykvS+ssIsIzerWWP2DRxonownQ==",
      "dev": true,
      "requires": {
        "source-map": "0.6.1"
      }
    },
    "@types/webpack": {
      "version": "4.4.0",
      "resolved": "https://registry.npmjs.org/@types/webpack/-/webpack-4.4.0.tgz",
      "integrity": "sha512-G7TXt4IRP7NTQO8R8QyDN7YwkQzlxjiKhA+z7W5FvkGbK7kIdOUtW2e7AE2w33Q10uphyG+vr8pfRy7wBWLmsA==",
      "dev": true,
      "requires": {
        "@types/node": "10.3.0",
        "@types/tapable": "1.0.2",
        "@types/uglify-js": "3.0.2",
        "source-map": "0.6.1"
      },
      "dependencies": {
        "@types/node": {
          "version": "10.3.0",
          "resolved": "https://registry.npmjs.org/@types/node/-/node-10.3.0.tgz",
          "integrity": "sha512-hWzNviaVFIr1TqcRA8ou49JaSHp+Rfabmnqg2kNvusKqLhPU0rIsGPUj5WJJ7ld4Bb7qdgLmIhLfCD1qS08IVA==",
          "dev": true
        }
      }
    },
    "source-map": {
      "version": "0.6.1",
      "resolved": "https://registry.npmjs.org/source-map/-/source-map-0.6.1.tgz",
      "integrity": "sha512-UjgapumWlbMhkBgzT7Ykc5YXUT46F0iKu8SGXq0bcwP5dz/h0Plj6enJqjz1Zbq2l5WaqYnrVbwWOWMyF3F47g==",
      "dev": true
    }
  }
}
